
Microsoft Visual Studio Solution File, Format Version 12.00
# Visual Studio Version 16
VisualStudioVersion = 16.0.32630.194
MinimumVisualStudioVersion = 10.0.40219.1
Project("{9A19103F-16F7-4668-BE54-9A1E7A4F7556}") = "2D Game", "2D Game\2D Game.csproj", "{A6EB454B-0A56-4540-847A-37A2ACD1F3D7}"
EndProject
Global
	GlobalSection(SolutionConfigurationPlatforms) = preSolution
		Debug|Any CPU = Debug|Any CPU
		Debug|ARM64 = Debug|ARM64
		Release|Any CPU = Release|Any CPU
		Release|ARM64 = Release|ARM64
	EndGlobalSection
	GlobalSection(ProjectConfigurationPlatforms) = postSolution
		{A6EB454B-0A56-4540-847A-37A2ACD1F3D7}.Debug|Any CPU.ActiveCfg = Debug|Any CPU
		{A6EB454B-0A56-4540-847A-37A2ACD1F3D7}.Debug|Any CPU.Build.0 = Debug|Any CPU
		{A6EB454B-0A56-4540-847A-37A2ACD1F3D7}.Debug|ARM64.ActiveCfg = Debug|ARM64
		{A6EB454B-0A56-4540-847A-37A2ACD1F3D7}.Debug|ARM64.Build.0 = Debug|ARM64
		{A6EB454B-0A56-4540-847A-37A2ACD1F3D7}.Release|Any CPU.ActiveCfg = Release|Any CPU
		{A6EB454B-0A56-4540-847A-37A2ACD1F3D7}.Release|ARM64.ActiveCfg = Release|ARM64
		{A6EB454B-0A56-4540-847A-37A2ACD1F3D7}.Release|ARM64.Build.0 = Release|ARM64
	EndGlobalSection
	GlobalSection(SolutionProperties) = preSolution
		HideSolutionNode = FALSE
	EndGlobalSection
	GlobalSection(ExtensibilityGlobals) = postSolution
		SolutionGuid = {DCB7C0B0-FB8B-439A-9CB6-D6B1BBE80C48}
	EndGlobalSection
EndGlobal
